
Microsoft Visual Studio Solution File, Format Version 12.00
# Visual Studio Version 16
VisualStudioVersion = 16.0.31424.327
MinimumVisualStudioVersion = 10.0.40219.1
Project("{FAE04EC0-301F-11D3-BF4B-00C04F79EFBC}") = "WebChat.Api", "JobsityWebChat\WebChat.Api.csproj", "{0A975411-2E1B-4279-A9D7-EB7EC1084143}"
EndProject
Project("{FAE04EC0-301F-11D3-BF4B-00C04F79EFBC}") = "WebChat.Api.Tests", "JobsityWebChat.Tests\WebChat.Api.Tests.csproj", "{1ADF4F33-BBC5-49DF-8C01-04CCE005AE73}"
EndProject
Project("{FAE04EC0-301F-11D3-BF4B-00C04F79EFBC}") = "WebChat.Utils", "WebChat.Utils\WebChat.Utils.csproj", "{F91B6209-F7B1-41DC-A907-498B5EEBAD78}"
EndProject
Project("{FAE04EC0-301F-11D3-BF4B-00C04F79EFBC}") = "WebChat.Client", "WebChat.Client\WebChat.Client.csproj", "{4C5520CE-6CB7-4763-9027-87261E232F59}"
EndProject
Project("{FAE04EC0-301F-11D3-BF4B-00C04F79EFBC}") = "WebChat.Client.Tests", "WebChat.Client.Tests\WebChat.Client.Tests.csproj", "{8140E30B-B89C-4B17-BAB0-BC5CC81732B9}"
EndProject
Global
	GlobalSection(SolutionConfigurationPlatforms) = preSolution
		Debug|Any CPU = Debug|Any CPU
		Release|Any CPU = Release|Any CPU
	EndGlobalSection
	GlobalSection(ProjectConfigurationPlatforms) = postSolution
		{0A975411-2E1B-4279-A9D7-EB7EC1084143}.Debug|Any CPU.ActiveCfg = Debug|Any CPU
		{0A975411-2E1B-4279-A9D7-EB7EC1084143}.Debug|Any CPU.Build.0 = Debug|Any CPU
		{0A975411-2E1B-4279-A9D7-EB7EC1084143}.Release|Any CPU.ActiveCfg = Release|Any CPU
		{0A975411-2E1B-4279-A9D7-EB7EC1084143}.Release|Any CPU.Build.0 = Release|Any CPU
		{1ADF4F33-BBC5-49DF-8C01-04CCE005AE73}.Debug|Any CPU.ActiveCfg = Debug|Any CPU
		{1ADF4F33-BBC5-49DF-8C01-04CCE005AE73}.Debug|Any CPU.Build.0 = Debug|Any CPU
		{1ADF4F33-BBC5-49DF-8C01-04CCE005AE73}.Release|Any CPU.ActiveCfg = Release|Any CPU
		{1ADF4F33-BBC5-49DF-8C01-04CCE005AE73}.Release|Any CPU.Build.0 = Release|Any CPU
		{F91B6209-F7B1-41DC-A907-498B5EEBAD78}.Debug|Any CPU.ActiveCfg = Debug|Any CPU
		{F91B6209-F7B1-41DC-A907-498B5EEBAD78}.Debug|Any CPU.Build.0 = Debug|Any CPU
		{F91B6209-F7B1-41DC-A907-498B5EEBAD78}.Release|Any CPU.ActiveCfg = Release|Any CPU
		{F91B6209-F7B1-41DC-A907-498B5EEBAD78}.Release|Any CPU.Build.0 = Release|Any CPU
		{4C5520CE-6CB7-4763-9027-87261E232F59}.Debug|Any CPU.ActiveCfg = Debug|Any CPU
		{4C5520CE-6CB7-4763-9027-87261E232F59}.Debug|Any CPU.Build.0 = Debug|Any CPU
		{4C5520CE-6CB7-4763-9027-87261E232F59}.Release|Any CPU.ActiveCfg = Release|Any CPU
		{4C5520CE-6CB7-4763-9027-87261E232F59}.Release|Any CPU.Build.0 = Release|Any CPU
		{8140E30B-B89C-4B17-BAB0-BC5CC81732B9}.Debug|Any CPU.ActiveCfg = Debug|Any CPU
		{8140E30B-B89C-4B17-BAB0-BC5CC81732B9}.Debug|Any CPU.Build.0 = Debug|Any CPU
		{8140E30B-B89C-4B17-BAB0-BC5CC81732B9}.Release|Any CPU.ActiveCfg = Release|Any CPU
		{8140E30B-B89C-4B17-BAB0-BC5CC81732B9}.Release|Any CPU.Build.0 = Release|Any CPU
	EndGlobalSection
	GlobalSection(SolutionProperties) = preSolution
		HideSolutionNode = FALSE
	EndGlobalSection
	GlobalSection(ExtensibilityGlobals) = postSolution
		SolutionGuid = {9C75DE95-B893-46F0-989E-49637D637BE1}
	EndGlobalSection
EndGlobal
